
Microsoft Visual Studio Solution File, Format Version 12.00
# Visual Studio Version 17
VisualStudioVersion = 17.0.31903.59
MinimumVisualStudioVersion = 10.0.40219.1
Project("{2150E333-8FDC-42A3-9474-1A3956D46DE8}") = "src", "src", "{827E0CD3-B72D-47B6-A68D-7590B98EB39B}"
EndProject
Project("{FAE04EC0-301F-11D3-BF4B-00C04F79EFBC}") = "BankApi.Domain", "src\BankApi.Domain\BankApi.Domain.csproj", "{DB6DFDFF-2042-4F9D-B3EB-6D451630AA3D}"
EndProject
Project("{FAE04EC0-301F-11D3-BF4B-00C04F79EFBC}") = "BankApi.Application", "src\BankApi.Application\BankApi.Application.csproj", "{055F4C16-48B1-4CC3-8FBA-C53395ADA8FC}"
EndProject
Project("{FAE04EC0-301F-11D3-BF4B-00C04F79EFBC}") = "BankApi.Infrastructure", "src\BankApi.Infrastructure\BankApi.Infrastructure.csproj", "{23C204EE-BADD-4C67-9439-B79CACB66A90}"
EndProject
Project("{FAE04EC0-301F-11D3-BF4B-00C04F79EFBC}") = "BankApi.Api", "src\BankApi.Api\BankApi.Api.csproj", "{E4ADC7B7-CCA3-4F5E-899C-E99CE7E63D79}"
EndProject
Project("{2150E333-8FDC-42A3-9474-1A3956D46DE8}") = "tests", "tests", "{0AB3BF05-4346-4AA6-1389-037BE0695223}"
EndProject
Project("{FAE04EC0-301F-11D3-BF4B-00C04F79EFBC}") = "BankApi.Domain.Tests", "tests\BankApi.Domain.Tests\BankApi.Domain.Tests.csproj", "{60EF7518-8B5E-43F6-944B-3AB6AD9E82EB}"
EndProject
Project("{FAE04EC0-301F-11D3-BF4B-00C04F79EFBC}") = "BankApi.Application.Tests", "tests\BankApi.Application.Tests\BankApi.Application.Tests.csproj", "{71F4B458-7B46-4114-A080-70F4123EB06C}"
EndProject
Project("{FAE04EC0-301F-11D3-BF4B-00C04F79EFBC}") = "BankApi.Integration.Tests", "tests\BankApi.Integration.Tests\BankApi.Integration.Tests.csproj", "{2EE3DD0C-B536-40D5-89E3-9579730F1209}"
EndProject
Global
	GlobalSection(SolutionConfigurationPlatforms) = preSolution
		Debug|Any CPU = Debug|Any CPU
		Debug|x64 = Debug|x64
		Debug|x86 = Debug|x86
		Release|Any CPU = Release|Any CPU
		Release|x64 = Release|x64
		Release|x86 = Release|x86
	EndGlobalSection
	GlobalSection(ProjectConfigurationPlatforms) = postSolution
		{DB6DFDFF-2042-4F9D-B3EB-6D451630AA3D}.Debug|Any CPU.ActiveCfg = Debug|Any CPU
		{DB6DFDFF-2042-4F9D-B3EB-6D451630AA3D}.Debug|Any CPU.Build.0 = Debug|Any CPU
		{DB6DFDFF-2042-4F9D-B3EB-6D451630AA3D}.Debug|x64.ActiveCfg = Debug|Any CPU
		{DB6DFDFF-2042-4F9D-B3EB-6D451630AA3D}.Debug|x64.Build.0 = Debug|Any CPU
		{DB6DFDFF-2042-4F9D-B3EB-6D451630AA3D}.Debug|x86.ActiveCfg = Debug|Any CPU
		{DB6DFDFF-2042-4F9D-B3EB-6D451630AA3D}.Debug|x86.Build.0 = Debug|Any CPU
		{DB6DFDFF-2042-4F9D-B3EB-6D451630AA3D}.Release|Any CPU.ActiveCfg = Release|Any CPU
		{DB6DFDFF-2042-4F9D-B3EB-6D451630AA3D}.Release|Any CPU.Build.0 = Release|Any CPU
		{DB6DFDFF-2042-4F9D-B3EB-6D451630AA3D}.Release|x64.ActiveCfg = Release|Any CPU
		{DB6DFDFF-2042-4F9D-B3EB-6D451630AA3D}.Release|x64.Build.0 = Release|Any CPU
		{DB6DFDFF-2042-4F9D-B3EB-6D451630AA3D}.Release|x86.ActiveCfg = Release|Any CPU
		{DB6DFDFF-2042-4F9D-B3EB-6D451630AA3D}.Release|x86.Build.0 = Release|Any CPU
		{055F4C16-48B1-4CC3-8FBA-C53395ADA8FC}.Debug|Any CPU.ActiveCfg = Debug|Any CPU
		{055F4C16-48B1-4CC3-8FBA-C53395ADA8FC}.Debug|Any CPU.Build.0 = Debug|Any CPU
		{055F4C16-48B1-4CC3-8FBA-C53395ADA8FC}.Debug|x64.ActiveCfg = Debug|Any CPU
		{055F4C16-48B1-4CC3-8FBA-C53395ADA8FC}.Debug|x64.Build.0 = Debug|Any CPU
		{055F4C16-48B1-4CC3-8FBA-C53395ADA8FC}.Debug|x86.ActiveCfg = Debug|Any CPU
		{055F4C16-48B1-4CC3-8FBA-C53395ADA8FC}.Debug|x86.Build.0 = Debug|Any CPU
		{055F4C16-48B1-4CC3-8FBA-C53395ADA8FC}.Release|Any CPU.ActiveCfg = Release|Any CPU
		{055F4C16-48B1-4CC3-8FBA-C53395ADA8FC}.Release|Any CPU.Build.0 = Release|Any CPU
		{055F4C16-48B1-4CC3-8FBA-C53395ADA8FC}.Release|x64.ActiveCfg = Release|Any CPU
		{055F4C16-48B1-4CC3-8FBA-C53395ADA8FC}.Release|x64.Build.0 = Release|Any CPU
		{055F4C16-48B1-4CC3-8FBA-C53395ADA8FC}.Release|x86.ActiveCfg = Release|Any CPU
		{055F4C16-48B1-4CC3-8FBA-C53395ADA8FC}.Release|x86.Build.0 = Release|Any CPU
		{23C204EE-BADD-4C67-9439-B79CACB66A90}.Debug|Any CPU.ActiveCfg = Debug|Any CPU
		{23C204EE-BADD-4C67-9439-B79CACB66A90}.Debug|Any CPU.Build.0 = Debug|Any CPU
		{23C204EE-BADD-4C67-9439-B79CACB66A90}.Debug|x64.ActiveCfg = Debug|Any CPU
		{23C204EE-BADD-4C67-9439-B79CACB66A90}.Debug|x64.Build.0 = Debug|Any CPU
		{23C204EE-BADD-4C67-9439-B79CACB66A90}.Debug|x86.ActiveCfg = Debug|Any CPU
		{23C204EE-BADD-4C67-9439-B79CACB66A90}.Debug|x86.Build.0 = Debug|Any CPU
		{23C204EE-BADD-4C67-9439-B79CACB66A90}.Release|Any CPU.ActiveCfg = Release|Any CPU
		{23C204EE-BADD-4C67-9439-B79CACB66A90}.Release|Any CPU.Build.0 = Release|Any CPU
		{23C204EE-BADD-4C67-9439-B79CACB66A90}.Release|x64.ActiveCfg = Release|Any CPU
		{23C204EE-BADD-4C67-9439-B79CACB66A90}.Release|x64.Build.0 = Release|Any CPU
		{23C204EE-BADD-4C67-9439-B79CACB66A90}.Release|x86.ActiveCfg = Release|Any CPU
		{23C204EE-BADD-4C67-9439-B79CACB66A90}.Release|x86.Build.0 = Release|Any CPU
		{E4ADC7B7-CCA3-4F5E-899C-E99CE7E63D79}.Debug|Any CPU.ActiveCfg = Debug|Any CPU
		{E4ADC7B7-CCA3-4F5E-899C-E99CE7E63D79}.Debug|Any CPU.Build.0 = Debug|Any CPU
		{E4ADC7B7-CCA3-4F5E-899C-E99CE7E63D79}.Debug|x64.ActiveCfg = Debug|Any CPU
		{E4ADC7B7-CCA3-4F5E-899C-E99CE7E63D79}.Debug|x64.Build.0 = Debug|Any CPU
		{E4ADC7B7-CCA3-4F5E-899C-E99CE7E63D79}.Debug|x86.ActiveCfg = Debug|Any CPU
		{E4ADC7B7-CCA3-4F5E-899C-E99CE7E63D79}.Debug|x86.Build.0 = Debug|Any CPU
		{E4ADC7B7-CCA3-4F5E-899C-E99CE7E63D79}.Release|Any CPU.ActiveCfg = Release|Any CPU
		{E4ADC7B7-CCA3-4F5E-899C-E99CE7E63D79}.Release|Any CPU.Build.0 = Release|Any CPU
		{E4ADC7B7-CCA3-4F5E-899C-E99CE7E63D79}.Release|x64.ActiveCfg = Release|Any CPU
		{E4ADC7B7-CCA3-4F5E-899C-E99CE7E63D79}.Release|x64.Build.0 = Release|Any CPU
		{E4ADC7B7-CCA3-4F5E-899C-E99CE7E63D79}.Release|x86.ActiveCfg = Release|Any CPU
		{E4ADC7B7-CCA3-4F5E-899C-E99CE7E63D79}.Release|x86.Build.0 = Release|Any CPU
		{60EF7518-8B5E-43F6-944B-3AB6AD9E82EB}.Debug|Any CPU.ActiveCfg = Debug|Any CPU
		{60EF7518-8B5E-43F6-944B-3AB6AD9E82EB}.Debug|Any CPU.Build.0 = Debug|Any CPU
		{60EF7518-8B5E-43F6-944B-3AB6AD9E82EB}.Debug|x64.ActiveCfg = Debug|Any CPU
		{60EF7518-8B5E-43F6-944B-3AB6AD9E82EB}.Debug|x64.Build.0 = Debug|Any CPU
		{60EF7518-8B5E-43F6-944B-3AB6AD9E82EB}.Debug|x86.ActiveCfg = Debug|Any CPU
		{60EF7518-8B5E-43F6-944B-3AB6AD9E82EB}.Debug|x86.Build.0 = Debug|Any CPU
		{60EF7518-8B5E-43F6-944B-3AB6AD9E82EB}.Release|Any CPU.ActiveCfg = Release|Any CPU
		{60EF7518-8B5E-43F6-944B-3AB6AD9E82EB}.Release|Any CPU.Build.0 = Release|Any CPU
		{60EF7518-8B5E-43F6-944B-3AB6AD9E82EB}.Release|x64.ActiveCfg = Release|Any CPU
		{60EF7518-8B5E-43F6-944B-3AB6AD9E82EB}.Release|x64.Build.0 = Release|Any CPU
		{60EF7518-8B5E-43F6-944B-3AB6AD9E82EB}.Release|x86.ActiveCfg = Release|Any CPU
		{60EF7518-8B5E-43F6-944B-3AB6AD9E82EB}.Release|x86.Build.0 = Release|Any CPU
		{71F4B458-7B46-4114-A080-70F4123EB06C}.Debug|Any CPU.ActiveCfg = Debug|Any CPU
		{71F4B458-7B46-4114-A080-70F4123EB06C}.Debug|Any CPU.Build.0 = Debug|Any CPU
		{71F4B458-7B46-4114-A080-70F4123EB06C}.Debug|x64.ActiveCfg = Debug|Any CPU
		{71F4B458-7B46-4114-A080-70F4123EB06C}.Debug|x64.Build.0 = Debug|Any CPU
		{71F4B458-7B46-4114-A080-70F4123EB06C}.Debug|x86.ActiveCfg = Debug|Any CPU
		{71F4B458-7B46-4114-A080-70F4123EB06C}.Debug|x86.Build.0 = Debug|Any CPU
		{71F4B458-7B46-4114-A080-70F4123EB06C}.Release|Any CPU.ActiveCfg = Release|Any CPU
		{71F4B458-7B46-4114-A080-70F4123EB06C}.Release|Any CPU.Build.0 = Release|Any CPU
		{71F4B458-7B46-4114-A080-70F4123EB06C}.Release|x64.ActiveCfg = Release|Any CPU
		{71F4B458-7B46-4114-A080-70F4123EB06C}.Release|x64.Build.0 = Release|Any CPU
		{71F4B458-7B46-4114-A080-70F4123EB06C}.Release|x86.ActiveCfg = Release|Any CPU
		{71F4B458-7B46-4114-A080-70F4123EB06C}.Release|x86.Build.0 = Release|Any CPU
		{2EE3DD0C-B536-40D5-89E3-9579730F1209}.Debug|Any CPU.ActiveCfg = Debug|Any CPU
		{2EE3DD0C-B536-40D5-89E3-9579730F1209}.Debug|Any CPU.Build.0 = Debug|Any CPU
		{2EE3DD0C-B536-40D5-89E3-9579730F1209}.Debug|x64.ActiveCfg = Debug|Any CPU
		{2EE3DD0C-B536-40D5-89E3-9579730F1209}.Debug|x64.Build.0 = Debug|Any CPU
		{2EE3DD0C-B536-40D5-89E3-9579730F1209}.Debug|x86.ActiveCfg = Debug|Any CPU
		{2EE3DD0C-B536-40D5-89E3-9579730F1209}.Debug|x86.Build.0 = Debug|Any CPU
		{2EE3DD0C-B536-40D5-89E3-9579730F1209}.Release|Any CPU.ActiveCfg = Release|Any CPU
		{2EE3DD0C-B536-40D5-89E3-9579730F1209}.Release|Any CPU.Build.0 = Release|Any CPU
		{2EE3DD0C-B536-40D5-89E3-9579730F1209}.Release|x64.ActiveCfg = Release|Any CPU
		{2EE3DD0C-B536-40D5-89E3-9579730F1209}.Release|x64.Build.0 = Release|Any CPU
		{2EE3DD0C-B536-40D5-89E3-9579730F1209}.Release|x86.ActiveCfg = Release|Any CPU
		{2EE3DD0C-B536-40D5-89E3-9579730F1209}.Release|x86.Build.0 = Release|Any CPU
	EndGlobalSection
	GlobalSection(SolutionProperties) = preSolution
		HideSolutionNode = FALSE
	EndGlobalSection
	GlobalSection(NestedProjects) = preSolution
		{DB6DFDFF-2042-4F9D-B3EB-6D451630AA3D} = {827E0CD3-B72D-47B6-A68D-7590B98EB39B}
		{055F4C16-48B1-4CC3-8FBA-C53395ADA8FC} = {827E0CD3-B72D-47B6-A68D-7590B98EB39B}
		{23C204EE-BADD-4C67-9439-B79CACB66A90} = {827E0CD3-B72D-47B6-A68D-7590B98EB39B}
		{E4ADC7B7-CCA3-4F5E-899C-E99CE7E63D79} = {827E0CD3-B72D-47B6-A68D-7590B98EB39B}
		{60EF7518-8B5E-43F6-944B-3AB6AD9E82EB} = {0AB3BF05-4346-4AA6-1389-037BE0695223}
		{71F4B458-7B46-4114-A080-70F4123EB06C} = {0AB3BF05-4346-4AA6-1389-037BE0695223}
		{2EE3DD0C-B536-40D5-89E3-9579730F1209} = {0AB3BF05-4346-4AA6-1389-037BE0695223}
	EndGlobalSection
EndGlobal
